
Microsoft Visual Studio Solution File, Format Version 12.00
# Visual Studio Version 17
VisualStudioVersion = 17.11.35303.130
MinimumVisualStudioVersion = 10.0.40219.1
Project("{9A19103F-16F7-4668-BE54-9A1E7A4F7556}") = "rp-challengeAPI", "rp-challengeAPI\rp-challengeAPI.csproj", "{654E78A1-F3D0-4ADA-A107-C39DBF56F4B3}"
EndProject
Project("{9A19103F-16F7-4668-BE54-9A1E7A4F7556}") = "rp-challenge.Domain", "rp-challenge.Domain\rp-challenge.Domain.csproj", "{491B229C-2CF9-4A65-8B76-EEA4893DC80D}"
EndProject
Project("{9A19103F-16F7-4668-BE54-9A1E7A4F7556}") = "rp-challenge.Infraestructure", "rp-challenge.Infraestructure\rp-challenge.Infraestructure.csproj", "{2084FD84-512D-443C-89CD-42F84FE7E295}"
EndProject
Project("{9A19103F-16F7-4668-BE54-9A1E7A4F7556}") = "rp-challenge.Application", "rp-challenge.Application\rp-challenge.Application.csproj", "{369D4C8B-3658-40B3-B5CC-610FD6AE9595}"
EndProject
Project("{FAE04EC0-301F-11D3-BF4B-00C04F79EFBC}") = "rp-challenge.Application.Tests", "rp-challenge.Application.Tests\rp-challenge.Application.Tests.csproj", "{29A5F428-3306-4C90-A038-FBBC39ACA8CA}"
EndProject
Global
	GlobalSection(SolutionConfigurationPlatforms) = preSolution
		Debug|Any CPU = Debug|Any CPU
		Release|Any CPU = Release|Any CPU
	EndGlobalSection
	GlobalSection(ProjectConfigurationPlatforms) = postSolution
		{654E78A1-F3D0-4ADA-A107-C39DBF56F4B3}.Debug|Any CPU.ActiveCfg = Debug|Any CPU
		{654E78A1-F3D0-4ADA-A107-C39DBF56F4B3}.Debug|Any CPU.Build.0 = Debug|Any CPU
		{654E78A1-F3D0-4ADA-A107-C39DBF56F4B3}.Release|Any CPU.ActiveCfg = Release|Any CPU
		{654E78A1-F3D0-4ADA-A107-C39DBF56F4B3}.Release|Any CPU.Build.0 = Release|Any CPU
		{491B229C-2CF9-4A65-8B76-EEA4893DC80D}.Debug|Any CPU.ActiveCfg = Debug|Any CPU
		{491B229C-2CF9-4A65-8B76-EEA4893DC80D}.Debug|Any CPU.Build.0 = Debug|Any CPU
		{491B229C-2CF9-4A65-8B76-EEA4893DC80D}.Release|Any CPU.ActiveCfg = Release|Any CPU
		{491B229C-2CF9-4A65-8B76-EEA4893DC80D}.Release|Any CPU.Build.0 = Release|Any CPU
		{2084FD84-512D-443C-89CD-42F84FE7E295}.Debug|Any CPU.ActiveCfg = Debug|Any CPU
		{2084FD84-512D-443C-89CD-42F84FE7E295}.Debug|Any CPU.Build.0 = Debug|Any CPU
		{2084FD84-512D-443C-89CD-42F84FE7E295}.Release|Any CPU.ActiveCfg = Release|Any CPU
		{2084FD84-512D-443C-89CD-42F84FE7E295}.Release|Any CPU.Build.0 = Release|Any CPU
		{369D4C8B-3658-40B3-B5CC-610FD6AE9595}.Debug|Any CPU.ActiveCfg = Debug|Any CPU
		{369D4C8B-3658-40B3-B5CC-610FD6AE9595}.Debug|Any CPU.Build.0 = Debug|Any CPU
		{369D4C8B-3658-40B3-B5CC-610FD6AE9595}.Release|Any CPU.ActiveCfg = Release|Any CPU
		{369D4C8B-3658-40B3-B5CC-610FD6AE9595}.Release|Any CPU.Build.0 = Release|Any CPU
		{29A5F428-3306-4C90-A038-FBBC39ACA8CA}.Debug|Any CPU.ActiveCfg = Debug|Any CPU
		{29A5F428-3306-4C90-A038-FBBC39ACA8CA}.Debug|Any CPU.Build.0 = Debug|Any CPU
		{29A5F428-3306-4C90-A038-FBBC39ACA8CA}.Release|Any CPU.ActiveCfg = Release|Any CPU
		{29A5F428-3306-4C90-A038-FBBC39ACA8CA}.Release|Any CPU.Build.0 = Release|Any CPU
	EndGlobalSection
	GlobalSection(SolutionProperties) = preSolution
		HideSolutionNode = FALSE
	EndGlobalSection
	GlobalSection(ExtensibilityGlobals) = postSolution
		SolutionGuid = {786BF224-2380-4A3C-940E-06BE1AE048E4}
	EndGlobalSection
EndGlobal
